
Microsoft Visual Studio Solution File, Format Version 12.00
# Visual Studio Version 16
VisualStudioVersion = 16.0.32602.291
MinimumVisualStudioVersion = 10.0.40219.1
Project("{888888A0-9F3D-457C-B088-3A5042F75D52}") = "PythonLab3-4-1-6", "PythonLab3-4-1-6\PythonLab3-4-1-6.pyproj", "{CF811320-B364-4317-9AA6-0B48737BF8A2}"
EndProject
Global
	GlobalSection(SolutionConfigurationPlatforms) = preSolution
		Debug|Any CPU = Debug|Any CPU
		Release|Any CPU = Release|Any CPU
	EndGlobalSection
	GlobalSection(ProjectConfigurationPlatforms) = postSolution
		{CF811320-B364-4317-9AA6-0B48737BF8A2}.Debug|Any CPU.ActiveCfg = Debug|Any CPU
		{CF811320-B364-4317-9AA6-0B48737BF8A2}.Release|Any CPU.ActiveCfg = Release|Any CPU
	EndGlobalSection
	GlobalSection(SolutionProperties) = preSolution
		HideSolutionNode = FALSE
	EndGlobalSection
	GlobalSection(ExtensibilityGlobals) = postSolution
		SolutionGuid = {654C6673-D2ED-42DB-8F6D-D924449E777A}
	EndGlobalSection
EndGlobal
